
Microsoft Visual Studio Solution File, Format Version 12.00
# Visual Studio Version 17
VisualStudioVersion = 17.5.33424.131
MinimumVisualStudioVersion = 10.0.40219.1
Project("{FAE04EC0-301F-11D3-BF4B-00C04F79EFBC}") = "SilverReports", "SilverReports\SilverReports.csproj", "{9EF488A5-6F8B-4184-924F-AE363BAA93DA}"
EndProject
Global
	GlobalSection(SolutionConfigurationPlatforms) = preSolution
		Debug|Any CPU = Debug|Any CPU
		Release|Any CPU = Release|Any CPU
	EndGlobalSection
	GlobalSection(ProjectConfigurationPlatforms) = postSolution
		{9EF488A5-6F8B-4184-924F-AE363BAA93DA}.Debug|Any CPU.ActiveCfg = Debug|Any CPU
		{9EF488A5-6F8B-4184-924F-AE363BAA93DA}.Debug|Any CPU.Build.0 = Debug|Any CPU
		{9EF488A5-6F8B-4184-924F-AE363BAA93DA}.Release|Any CPU.ActiveCfg = Release|Any CPU
		{9EF488A5-6F8B-4184-924F-AE363BAA93DA}.Release|Any CPU.Build.0 = Release|Any CPU
	EndGlobalSection
	GlobalSection(SolutionProperties) = preSolution
		HideSolutionNode = FALSE
	EndGlobalSection
	GlobalSection(ExtensibilityGlobals) = postSolution
		SolutionGuid = {1BE87B8F-B265-4B6D-BDCC-2AB5FBAD9103}
	EndGlobalSection
EndGlobal
